
Microsoft Visual Studio Solution File, Format Version 12.00
# Visual Studio Version 17
VisualStudioVersion = 17.14.36327.8 d17.14
MinimumVisualStudioVersion = 10.0.40219.1
Project("{FAE04EC0-301F-11D3-BF4B-00C04F79EFBC}") = "comandas.api", "comandas.api\comandas.api.csproj", "{B13452A7-DFD9-40A6-9D59-23D5659FC6FD}"
EndProject
Global
	GlobalSection(SolutionConfigurationPlatforms) = preSolution
		Debug|Any CPU = Debug|Any CPU
		Release|Any CPU = Release|Any CPU
	EndGlobalSection
	GlobalSection(ProjectConfigurationPlatforms) = postSolution
		{B13452A7-DFD9-40A6-9D59-23D5659FC6FD}.Debug|Any CPU.ActiveCfg = Debug|Any CPU
		{B13452A7-DFD9-40A6-9D59-23D5659FC6FD}.Debug|Any CPU.Build.0 = Debug|Any CPU
		{B13452A7-DFD9-40A6-9D59-23D5659FC6FD}.Release|Any CPU.ActiveCfg = Release|Any CPU
		{B13452A7-DFD9-40A6-9D59-23D5659FC6FD}.Release|Any CPU.Build.0 = Release|Any CPU
	EndGlobalSection
	GlobalSection(SolutionProperties) = preSolution
		HideSolutionNode = FALSE
	EndGlobalSection
	GlobalSection(ExtensibilityGlobals) = postSolution
		SolutionGuid = {5C76F799-B4BC-40CA-987E-28CEE0CDD51C}
	EndGlobalSection
EndGlobal
